// !$*UTF8*$!
{
	archiveVersion = 1;
	classes = {
	};
	objectVersion = 48;
	objects = {

/* Begin PBXBuildFile section */
		4C321B362325847500021287 /* ItemsViewController.swift in Sources */ = {isa = PBXBuildFile; fileRef = 4C321B352325847500021287 /* ItemsViewController.swift */; };
		4C321B3C23258CCF00021287 /* ItemsUINavigationController.swift in Sources */ = {isa = PBXBuildFile; fileRef = 4C321B3B23258CCF00021287 /* ItemsUINavigationController.swift */; };
		4C450EC6232B3CEC00C9D69B /* GoogleService-Info.plist in Resources */ = {isa = PBXBuildFile; fileRef = 4C450EC5232B3CEC00C9D69B /* GoogleService-Info.plist */; };
		4C450EC8232B628000C9D69B /* RegisterViewController.swift in Sources */ = {isa = PBXBuildFile; fileRef = 4C450EC7232B628000C9D69B /* RegisterViewController.swift */; };
		4C450ECA232C058000C9D69B /* ItemSingleViewController.swift in Sources */ = {isa = PBXBuildFile; fileRef = 4C450EC9232C058000C9D69B /* ItemSingleViewController.swift */; };
		4C450ECC232D2A6300C9D69B /* MapViewController.swift in Sources */ = {isa = PBXBuildFile; fileRef = 4C450ECB232D2A6300C9D69B /* MapViewController.swift */; };
		4C450ECE232D330700C9D69B /* Artwork.swift in Sources */ = {isa = PBXBuildFile; fileRef = 4C450ECD232D330700C9D69B /* Artwork.swift */; };
		4C77BCCF23376895006EB7C2 /* AddViewController.swift in Sources */ = {isa = PBXBuildFile; fileRef = 4C77BCCE23376895006EB7C2 /* AddViewController.swift */; };
		78114446803347ADB5FBB781 /* Pods_Shopping_App.framework in Frameworks */ = {isa = PBXBuildFile; fileRef = A9CE2B85ADDFFEB2FFE60E6D /* Pods_Shopping_App.framework */; };
		927D444523237CDE001CA21A /* AppDelegate.swift in Sources */ = {isa = PBXBuildFile; fileRef = 927D444423237CDE001CA21A /* AppDelegate.swift */; };
		927D444723237CDE001CA21A /* ViewController.swift in Sources */ = {isa = PBXBuildFile; fileRef = 927D444623237CDE001CA21A /* ViewController.swift */; };
		927D444A23237CDE001CA21A /* Main.storyboard in Resources */ = {isa = PBXBuildFile; fileRef = 927D444823237CDE001CA21A /* Main.storyboard */; };
		927D444C23237CDE001CA21A /* Assets.xcassets in Resources */ = {isa = PBXBuildFile; fileRef = 927D444B23237CDE001CA21A /* Assets.xcassets */; };
		927D444F23237CDE001CA21A /* LaunchScreen.storyboard in Resources */ = {isa = PBXBuildFile; fileRef = 927D444D23237CDE001CA21A /* LaunchScreen.storyboard */; };
/* End PBXBuildFile section */

/* Begin PBXFileReference section */
		4C321B352325847500021287 /* ItemsViewController.swift */ = {isa = PBXFileReference; lastKnownFileType = sourcecode.swift; path = ItemsViewController.swift; sourceTree = "<group>"; };
		4C321B3B23258CCF00021287 /* ItemsUINavigationController.swift */ = {isa = PBXFileReference; lastKnownFileType = sourcecode.swift; path = ItemsUINavigationController.swift; sourceTree = "<group>"; };
		4C450EC5232B3CEC00C9D69B /* GoogleService-Info.plist */ = {isa = PBXFileReference; fileEncoding = 4; lastKnownFileType = text.plist.xml; name = "GoogleService-Info.plist"; path = "../../../GoogleService-Info.plist"; sourceTree = "<group>"; };
		4C450EC7232B628000C9D69B /* RegisterViewController.swift */ = {isa = PBXFileReference; lastKnownFileType = sourcecode.swift; path = RegisterViewController.swift; sourceTree = "<group>"; };
		4C450EC9232C058000C9D69B /* ItemSingleViewController.swift */ = {isa = PBXFileReference; lastKnownFileType = sourcecode.swift; path = ItemSingleViewController.swift; sourceTree = "<group>"; };
		4C450ECB232D2A6300C9D69B /* MapViewController.swift */ = {isa = PBXFileReference; lastKnownFileType = sourcecode.swift; path = MapViewController.swift; sourceTree = "<group>"; };
		4C450ECD232D330700C9D69B /* Artwork.swift */ = {isa = PBXFileReference; lastKnownFileType = sourcecode.swift; path = Artwork.swift; sourceTree = "<group>"; };
		4C77BCCE23376895006EB7C2 /* AddViewController.swift */ = {isa = PBXFileReference; lastKnownFileType = sourcecode.swift; path = AddViewController.swift; sourceTree = "<group>"; };
		513DF8CB1384DCECC6FB55BF /* Pods-Shopping App.release.xcconfig */ = {isa = PBXFileReference; includeInIndex = 1; lastKnownFileType = text.xcconfig; name = "Pods-Shopping App.release.xcconfig"; path = "Target Support Files/Pods-Shopping App/Pods-Shopping App.release.xcconfig"; sourceTree = "<group>"; };
		927D444123237CDE001CA21A /* Shopping App.app */ = {isa = PBXFileReference; explicitFileType = wrapper.application; includeInIndex = 0; path = "Shopping App.app"; sourceTree = BUILT_PRODUCTS_DIR; };
		927D444423237CDE001CA21A /* AppDelegate.swift */ = {isa = PBXFileReference; lastKnownFileType = sourcecode.swift; path = AppDelegate.swift; sourceTree = "<group>"; };
		927D444623237CDE001CA21A /* ViewController.swift */ = {isa = PBXFileReference; lastKnownFileType = sourcecode.swift; path = ViewController.swift; sourceTree = "<group>"; };
		927D444923237CDE001CA21A /* Base */ = {isa = PBXFileReference; lastKnownFileType = file.storyboard; name = Base; path = Base.lproj/Main.storyboard; sourceTree = "<group>"; };
		927D444B23237CDE001CA21A /* Assets.xcassets */ = {isa = PBXFileReference; lastKnownFileType = folder.assetcatalog; path = Assets.xcassets; sourceTree = "<group>"; };
		927D444E23237CDE001CA21A /* Base */ = {isa = PBXFileReference; lastKnownFileType = file.storyboard; name = Base; path = Base.lproj/LaunchScreen.storyboard; sourceTree = "<group>"; };
		927D445023237CDE001CA21A /* Info.plist */ = {isa = PBXFileReference; lastKnownFileType = text.plist.xml; path = Info.plist; sourceTree = "<group>"; };
		A9CE2B85ADDFFEB2FFE60E6D /* Pods_Shopping_App.framework */ = {isa = PBXFileReference; explicitFileType = wrapper.framework; includeInIndex = 0; path = Pods_Shopping_App.framework; sourceTree = BUILT_PRODUCTS_DIR; };
		E713357199027BCB1584C597 /* Pods-Shopping App.debug.xcconfig */ = {isa = PBXFileReference; includeInIndex = 1; lastKnownFileType = text.xcconfig; name = "Pods-Shopping App.debug.xcconfig"; path = "Target Support Files/Pods-Shopping App/Pods-Shopping App.debug.xcconfig"; sourceTree = "<group>"; };
/* End PBXFileReference section */

/* Begin PBXFrameworksBuildPhase section */
		927D443E23237CDE001CA21A /* Frameworks */ = {
			isa = PBXFrameworksBuildPhase;
			buildActionMask = 2147483647;
			files = (
				78114446803347ADB5FBB781 /* Pods_Shopping_App.framework in Frameworks */,
			);
			runOnlyForDeploymentPostprocessing = 0;
		};
/* End PBXFrameworksBuildPhase section */

/* Begin PBXGroup section */
		0ECED6C15983ACC9E292BA27 /* Frameworks */ = {
			isa = PBXGroup;
			children = (
				A9CE2B85ADDFFEB2FFE60E6D /* Pods_Shopping_App.framework */,
			);
			name = Frameworks;
			sourceTree = "<group>";
		};
		43B7FB9A344DFF3CF1FA289F /* Pods */ = {
			isa = PBXGroup;
			children = (
				E713357199027BCB1584C597 /* Pods-Shopping App.debug.xcconfig */,
				513DF8CB1384DCECC6FB55BF /* Pods-Shopping App.release.xcconfig */,
			);
			path = Pods;
			sourceTree = "<group>";
		};
		927D443823237CDE001CA21A = {
			isa = PBXGroup;
			children = (
				927D444323237CDE001CA21A /* Shopping App */,
				927D444223237CDE001CA21A /* Products */,
				43B7FB9A344DFF3CF1FA289F /* Pods */,
				0ECED6C15983ACC9E292BA27 /* Frameworks */,
			);
			sourceTree = "<group>";
		};
		927D444223237CDE001CA21A /* Products */ = {
			isa = PBXGroup;
			children = (
				927D444123237CDE001CA21A /* Shopping App.app */,
			);
			name = Products;
			sourceTree = "<group>";
		};
		927D444323237CDE001CA21A /* Shopping App */ = {
			isa = PBXGroup;
			children = (
				927D444423237CDE001CA21A /* AppDelegate.swift */,
				927D444623237CDE001CA21A /* ViewController.swift */,
				927D444823237CDE001CA21A /* Main.storyboard */,
				927D444B23237CDE001CA21A /* Assets.xcassets */,
				927D444D23237CDE001CA21A /* LaunchScreen.storyboard */,
				927D445023237CDE001CA21A /* Info.plist */,
				4C321B352325847500021287 /* ItemsViewController.swift */,
				4C321B3B23258CCF00021287 /* ItemsUINavigationController.swift */,
				4C450EC5232B3CEC00C9D69B /* GoogleService-Info.plist */,
				4C450EC7232B628000C9D69B /* RegisterViewController.swift */,
				4C450EC9232C058000C9D69B /* ItemSingleViewController.swift */,
				4C450ECB232D2A6300C9D69B /* MapViewController.swift */,
				4C450ECD232D330700C9D69B /* Artwork.swift */,
				4C77BCCE23376895006EB7C2 /* AddViewController.swift */,
			);
			path = "Shopping App";
			sourceTree = "<group>";
		};
/* End PBXGroup section */

/* Begin PBXNativeTarget section */
		927D444023237CDE001CA21A /* Shopping App */ = {
			isa = PBXNativeTarget;
			buildConfigurationList = 927D445323237CDE001CA21A /* Build configuration list for PBXNativeTarget "Shopping App" */;
			buildPhases = (
				B1EA3A3881F5F3952E050BE7 /* [CP] Check Pods Manifest.lock */,
				927D443D23237CDE001CA21A /* Sources */,
				927D443E23237CDE001CA21A /* Frameworks */,
				927D443F23237CDE001CA21A /* Resources */,
				6798582C3D36B46C4E69EB71 /* [CP] Embed Pods Frameworks */,
			);
			buildRules = (
			);
			dependencies = (
			);
			name = "Shopping App";
			productName = "Shopping App";
			productReference = 927D444123237CDE001CA21A /* Shopping App.app */;
			productType = "com.apple.product-type.application";
		};
/* End PBXNativeTarget section */

/* Begin PBXProject section */
		927D443923237CDE001CA21A /* Project object */ = {
			isa = PBXProject;
			attributes = {
				LastSwiftUpdateCheck = 0920;
				LastUpgradeCheck = 0920;
				ORGANIZATIONNAME = "Nandun Bandara";
				TargetAttributes = {
					927D444023237CDE001CA21A = {
						CreatedOnToolsVersion = 9.2;
						LastSwiftMigration = 1010;
						ProvisioningStyle = Automatic;
					};
				};
			};
			buildConfigurationList = 927D443C23237CDE001CA21A /* Build configuration list for PBXProject "Shopping App" */;
			compatibilityVersion = "Xcode 8.0";
			developmentRegion = en;
			hasScannedForEncodings = 0;
			knownRegions = (
				en,
				Base,
			);
			mainGroup = 927D443823237CDE001CA21A;
			productRefGroup = 927D444223237CDE001CA21A /* Products */;
			projectDirPath = "";
			projectRoot = "";
			targets = (
				927D444023237CDE001CA21A /* Shopping App */,
			);
		};
/* End PBXProject section */

/* Begin PBXResourcesBuildPhase section */
		927D443F23237CDE001CA21A /* Resources */ = {
			isa = PBXResourcesBuildPhase;
			buildActionMask = 2147483647;
			files = (
				927D444F23237CDE001CA21A /* LaunchScreen.storyboard in Resources */,
				4C450EC6232B3CEC00C9D69B /* GoogleService-Info.plist in Resources */,
				927D444C23237CDE001CA21A /* Assets.xcassets in Resources */,
				927D444A23237CDE001CA21A /* Main.storyboard in Resources */,
			);
			runOnlyForDeploymentPostprocessing = 0;
		};
/* End PBXResourcesBuildPhase section */

/* Begin PBXShellScriptBuildPhase section */
		6798582C3D36B46C4E69EB71 /* [CP] Embed Pods Frameworks */ = {
			isa = PBXShellScriptBuildPhase;
			buildActionMask = 2147483647;
			files = (
			);
			inputPaths = (
				"${PODS_ROOT}/Target Support Files/Pods-Shopping App/Pods-Shopping App-frameworks.sh",
				"${BUILT_PRODUCTS_DIR}/Alamofire/Alamofire.framework",
				"${BUILT_PRODUCTS_DIR}/GTMSessionFetcher/GTMSessionFetcher.framework",
				"${BUILT_PRODUCTS_DIR}/GoogleUtilities/GoogleUtilities.framework",
				"${BUILT_PRODUCTS_DIR}/SwiftyJSON/SwiftyJSON.framework",
				"${BUILT_PRODUCTS_DIR}/nanopb/nanopb.framework",
			);
			name = "[CP] Embed Pods Frameworks";
			outputPaths = (
				"${TARGET_BUILD_DIR}/${FRAMEWORKS_FOLDER_PATH}/Alamofire.framework",
				"${TARGET_BUILD_DIR}/${FRAMEWORKS_FOLDER_PATH}/GTMSessionFetcher.framework",
				"${TARGET_BUILD_DIR}/${FRAMEWORKS_FOLDER_PATH}/GoogleUtilities.framework",
				"${TARGET_BUILD_DIR}/${FRAMEWORKS_FOLDER_PATH}/SwiftyJSON.framework",
				"${TARGET_BUILD_DIR}/${FRAMEWORKS_FOLDER_PATH}/nanopb.framework",
			);
			runOnlyForDeploymentPostprocessing = 0;
			shellPath = /bin/sh;
			shellScript = "\"${PODS_ROOT}/Target Support Files/Pods-Shopping App/Pods-Shopping App-frameworks.sh\"\n";
			showEnvVarsInLog = 0;
		};
		B1EA3A3881F5F3952E050BE7 /* [CP] Check Pods Manifest.lock */ = {
			isa = PBXShellScriptBuildPhase;
			buildActionMask = 2147483647;
			files = (
			);
			inputFileListPaths = (
			);
			inputPaths = (
				"${PODS_PODFILE_DIR_PATH}/Podfile.lock",
				"${PODS_ROOT}/Manifest.lock",
			);
			name = "[CP] Check Pods Manifest.lock";
			outputFileListPaths = (
			);
			outputPaths = (
				"$(DERIVED_FILE_DIR)/Pods-Shopping App-checkManifestLockResult.txt",
			);
			runOnlyForDeploymentPostprocessing = 0;
			shellPath = /bin/sh;
			shellScript = "diff \"${PODS_PODFILE_DIR_PATH}/Podfile.lock\" \"${PODS_ROOT}/Manifest.lock\" > /dev/null\nif [ $? != 0 ] ; then\n    # print error to STDERR\n    echo \"error: The sandbox is not in sync with the Podfile.lock. Run 'pod install' or update your CocoaPods installation.\" >&2\n    exit 1\nfi\n# This output is used by Xcode 'outputs' to avoid re-running this script phase.\necho \"SUCCESS\" > \"${SCRIPT_OUTPUT_FILE_0}\"\n";
			showEnvVarsInLog = 0;
		};
/* End PBXShellScriptBuildPhase section */

/* Begin PBXSourcesBuildPhase section */
		927D443D23237CDE001CA21A /* Sources */ = {
			isa = PBXSourcesBuildPhase;
			buildActionMask = 2147483647;
			files = (
				4C321B3C23258CCF00021287 /* ItemsUINavigationController.swift in Sources */,
				4C450ECA232C058000C9D69B /* ItemSingleViewController.swift in Sources */,
				4C77BCCF23376895006EB7C2 /* AddViewController.swift in Sources */,
				4C450ECE232D330700C9D69B /* Artwork.swift in Sources */,
				4C450EC8232B628000C9D69B /* RegisterViewController.swift in Sources */,
				927D444723237CDE001CA21A /* ViewController.swift in Sources */,
				4C321B362325847500021287 /* ItemsViewController.swift in Sources */,
				927D444523237CDE001CA21A /* AppDelegate.swift in Sources */,
				4C450ECC232D2A6300C9D69B /* MapViewController.swift in Sources */,
			);
			runOnlyForDeploymentPostprocessing = 0;
		};
/* End PBXSourcesBuildPhase section */

/* Begin PBXVariantGroup section */
		927D444823237CDE001CA21A /* Main.storyboard */ = {
			isa = PBXVariantGroup;
			children = (
				927D444923237CDE001CA21A /* Base */,
			);
			name = Main.storyboard;
			sourceTree = "<group>";
		};
		927D444D23237CDE001CA21A /* LaunchScreen.storyboard */ = {
			isa = PBXVariantGroup;
			children = (
				927D444E23237CDE001CA21A /* Base */,
			);
			name = LaunchScreen.storyboard;
			sourceTree = "<group>";
		};
/* End PBXVariantGroup section */

/* Begin XCBuildConfiguration section */
		927D445123237CDE001CA21A /* Debug */ = {
			isa = XCBuildConfiguration;
			buildSettings = {
				ALWAYS_SEARCH_USER_PATHS = NO;
				CLANG_ANALYZER_NONNULL = YES;
				CLANG_ANALYZER_NUMBER_OBJECT_CONVERSION = YES_AGGRESSIVE;
				CLANG_CXX_LANGUAGE_STANDARD = "gnu++14";
				CLANG_CXX_LIBRARY = "libc++";
				CLANG_ENABLE_MODULES = YES;
				CLANG_ENABLE_OBJC_ARC = YES;
				CLANG_WARN_BLOCK_CAPTURE_AUTORELEASING = YES;
				CLANG_WARN_BOOL_CONVERSION = YES;
				CLANG_WARN_COMMA = YES;
				CLANG_WARN_CONSTANT_CONVERSION = YES;
				CLANG_WARN_DIRECT_OBJC_ISA_USAGE = YES_ERROR;
				CLANG_WARN_DOCUMENTATION_COMMENTS = YES;
				CLANG_WARN_EMPTY_BODY = YES;
				CLANG_WARN_ENUM_CONVERSION = YES;
				CLANG_WARN_INFINITE_RECURSION = YES;
				CLANG_WARN_INT_CONVERSION = YES;
				CLANG_WARN_NON_LITERAL_NULL_CONVERSION = YES;
				CLANG_WARN_OBJC_LITERAL_CONVERSION = YES;
				CLANG_WARN_OBJC_ROOT_CLASS = YES_ERROR;
				CLANG_WARN_RANGE_LOOP_ANALYSIS = YES;
				CLANG_WARN_STRICT_PROTOTYPES = YES;
				CLANG_WARN_SUSPICIOUS_MOVE = YES;
				CLANG_WARN_UNGUARDED_AVAILABILITY = YES_AGGRESSIVE;
				CLANG_WARN_UNREACHABLE_CODE = YES;
				CLANG_WARN__DUPLICATE_METHOD_MATCH = YES;
				CODE_SIGN_IDENTITY = "iPhone Developer";
				COPY_PHASE_STRIP = NO;
				DEBUG_INFORMATION_FORMAT = dwarf;
				ENABLE_STRICT_OBJC_MSGSEND = YES;
				ENABLE_TESTABILITY = YES;
				GCC_C_LANGUAGE_STANDARD = gnu11;
				GCC_DYNAMIC_NO_PIC = NO;
				GCC_NO_COMMON_BLOCKS = YES;
				GCC_OPTIMIZATION_LEVEL = 0;
				GCC_PREPROCESSOR_DEFINITIONS = (
					"DEBUG=1",
					"$(inherited)",
				);
				GCC_WARN_64_TO_32_BIT_CONVERSION = YES;
				GCC_WARN_ABOUT_RETURN_TYPE = YES_ERROR;
				GCC_WARN_UNDECLARED_SELECTOR = YES;
				GCC_WARN_UNINITIALIZED_AUTOS = YES_AGGRESSIVE;
				GCC_WARN_UNUSED_FUNCTION = YES;
				GCC_WARN_UNUSED_VARIABLE = YES;
				IPHONEOS_DEPLOYMENT_TARGET = 11.2;
				MTL_ENABLE_DEBUG_INFO = YES;
				ONLY_ACTIVE_ARCH = YES;
				SDKROOT = iphoneos;
				SWIFT_ACTIVE_COMPILATION_CONDITIONS = DEBUG;
				SWIFT_OPTIMIZATION_LEVEL = "-Onone";
			};
			name = Debug;
		};
		927D445223237CDE001CA21A /* Release */ = {
			isa = XCBuildConfiguration;
			buildSettings = {
				ALWAYS_SEARCH_USER_PATHS = NO;
				CLANG_ANALYZER_NONNULL = YES;
				CLANG_ANALYZER_NUMBER_OBJECT_CONVERSION = YES_AGGRESSIVE;
				CLANG_CXX_LANGUAGE_STANDARD = "gnu++14";
				CLANG_CXX_LIBRARY = "libc++";
				CLANG_ENABLE_MODULES = YES;
				CLANG_ENABLE_OBJC_ARC = YES;
				CLANG_WARN_BLOCK_CAPTURE_AUTORELEASING = YES;
				CLANG_WARN_BOOL_CONVERSION = YES;
				CLANG_WARN_COMMA = YES;
				CLANG_WARN_CONSTANT_CONVERSION = YES;
				CLANG_WARN_DIRECT_OBJC_ISA_USAGE = YES_ERROR;
				CLANG_WARN_DOCUMENTATION_COMMENTS = YES;
				CLANG_WARN_EMPTY_BODY = YES;
				CLANG_WARN_ENUM_CONVERSION = YES;
				CLANG_WARN_INFINITE_RECURSION = YES;
				CLANG_WARN_INT_CONVERSION = YES;
				CLANG_WARN_NON_LITERAL_NULL_CONVERSION = YES;
				CLANG_WARN_OBJC_LITERAL_CONVERSION = YES;
				CLANG_WARN_OBJC_ROOT_CLASS = YES_ERROR;
				CLANG_WARN_RANGE_LOOP_ANALYSIS = YES;
				CLANG_WARN_STRICT_PROTOTYPES = YES;
				CLANG_WARN_SUSPICIOUS_MOVE = YES;
				CLANG_WARN_UNGUARDED_AVAILABILITY = YES_AGGRESSIVE;
				CLANG_WARN_UNREACHABLE_CODE = YES;
				CLANG_WARN__DUPLICATE_METHOD_MATCH = YES;
				CODE_SIGN_IDENTITY = "iPhone Developer";
				COPY_PHASE_STRIP = NO;
				DEBUG_INFORMATION_FORMAT = "dwarf-with-dsym";
				ENABLE_NS_ASSERTIONS = NO;
				ENABLE_STRICT_OBJC_MSGSEND = YES;
				GCC_C_LANGUAGE_STANDARD = gnu11;
				GCC_NO_COMMON_BLOCKS = YES;
				GCC_WARN_64_TO_32_BIT_CONVERSION = YES;
				GCC_WARN_ABOUT_RETURN_TYPE = YES_ERROR;
				GCC_WARN_UNDECLARED_SELECTOR = YES;
				GCC_WARN_UNINITIALIZED_AUTOS = YES_AGGRESSIVE;
				GCC_WARN_UNUSED_FUNCTION = YES;
				GCC_WARN_UNUSED_VARIABLE = YES;
				IPHONEOS_DEPLOYMENT_TARGET = 11.2;
				MTL_ENABLE_DEBUG_INFO = NO;
				SDKROOT = iphoneos;
				SWIFT_OPTIMIZATION_LEVEL = "-Owholemodule";
				VALIDATE_PRODUCT = YES;
			};
			name = Release;
		};
		927D445423237CDE001CA21A /* Debug */ = {
			isa = XCBuildConfiguration;
			baseConfigurationReference = E713357199027BCB1584C597 /* Pods-Shopping App.debug.xcconfig */;
			buildSettings = {
				ASSETCATALOG_COMPILER_APPICON_NAME = AppIcon;
				CODE_SIGN_STYLE = Automatic;
				DEVELOPMENT_TEAM = 3Z7C6C47SW;
				INFOPLIST_FILE = "Shopping App/Info.plist";
				LD_RUNPATH_SEARCH_PATHS = "$(inherited) @executable_path/Frameworks";
				PRODUCT_BUNDLE_IDENTIFIER = "nandunb.me.Shopping-App";
				PRODUCT_NAME = "$(TARGET_NAME)";
				SWIFT_SWIFT3_OBJC_INFERENCE = On;
				SWIFT_VERSION = 4.2;
				TARGETED_DEVICE_FAMILY = "1,2";
			};
			name = Debug;
		};
		927D445523237CDE001CA21A /* Release */ = {
			isa = XCBuildConfiguration;
			baseConfigurationReference = 513DF8CB1384DCECC6FB55BF /* Pods-Shopping App.release.xcconfig */;
			buildSettings = {
				ASSETCATALOG_COMPILER_APPICON_NAME = AppIcon;
				CODE_SIGN_STYLE = Automatic;
				DEVELOPMENT_TEAM = 3Z7C6C47SW;
				INFOPLIST_FILE = "Shopping App/Info.plist";
				LD_RUNPATH_SEARCH_PATHS = "$(inherited) @executable_path/Frameworks";
				PRODUCT_BUNDLE_IDENTIFIER = "nandunb.me.Shopping-App";
				PRODUCT_NAME = "$(TARGET_NAME)";
				SWIFT_SWIFT3_OBJC_INFERENCE = On;
				SWIFT_VERSION = 4.2;
				TARGETED_DEVICE_FAMILY = "1,2";
			};
			name = Release;
		};
/* End XCBuildConfiguration section */

/* Begin XCConfigurationList section */
		927D443C23237CDE001CA21A /* Build configuration list for PBXProject "Shopping App" */ = {
			isa = XCConfigurationList;
			buildConfigurations = (
				927D445123237CDE001CA21A /* Debug */,
				927D445223237CDE001CA21A /* Release */,
			);
			defaultConfigurationIsVisible = 0;
			defaultConfigurationName = Release;
		};
		927D445323237CDE001CA21A /* Build configuration list for PBXNativeTarget "Shopping App" */ = {
			isa = XCConfigurationList;
			buildConfigurations = (
				927D445423237CDE001CA21A /* Debug */,
				927D445523237CDE001CA21A /* Release */,
			);
			defaultConfigurationIsVisible = 0;
			defaultConfigurationName = Release;
		};
/* End XCConfigurationList section */
	};
	rootObject = 927D443923237CDE001CA21A /* Project object */;
}
